
Microsoft Visual Studio Solution File, Format Version 12.00
# Visual Studio Version 18
VisualStudioVersion = 18.1.11312.151
MinimumVisualStudioVersion = 10.0.40219.1
Project("{FAE04EC0-301F-11D3-BF4B-00C04F79EFBC}") = "Gedcom", "Gedcom\Gedcom.csproj", "{833874C9-0B8B-5836-D23F-1C2FCF7C64AA}"
EndProject
Project("{FAE04EC0-301F-11D3-BF4B-00C04F79EFBC}") = "GedcomTests", "GedcomTests\GedcomTests.csproj", "{FA8ED77A-7AE7-42DB-862F-7DC1AFFCFAF8}"
EndProject
Project("{54A90642-561A-4BB1-A94E-469ADEE60C69}") = "genesandgenealogy.client", "GenesAndGenealogy\genesandgenealogy.client\genesandgenealogy.client.esproj", "{A44814E6-C586-A2F9-9446-356F95A421F8}"
EndProject
Project("{FAE04EC0-301F-11D3-BF4B-00C04F79EFBC}") = "GenesAndGenealogy.Server", "GenesAndGenealogy\GenesAndGenealogy.Server\GenesAndGenealogy.Server.csproj", "{B458A6F1-4AD8-46F0-BCB1-1C87C616FB15}"
EndProject
Global
	GlobalSection(SolutionConfigurationPlatforms) = preSolution
		Debug|Any CPU = Debug|Any CPU
		Release|Any CPU = Release|Any CPU
	EndGlobalSection
	GlobalSection(ProjectConfigurationPlatforms) = postSolution
		{833874C9-0B8B-5836-D23F-1C2FCF7C64AA}.Debug|Any CPU.ActiveCfg = Debug|Any CPU
		{833874C9-0B8B-5836-D23F-1C2FCF7C64AA}.Debug|Any CPU.Build.0 = Debug|Any CPU
		{833874C9-0B8B-5836-D23F-1C2FCF7C64AA}.Release|Any CPU.ActiveCfg = Release|Any CPU
		{833874C9-0B8B-5836-D23F-1C2FCF7C64AA}.Release|Any CPU.Build.0 = Release|Any CPU
		{FA8ED77A-7AE7-42DB-862F-7DC1AFFCFAF8}.Debug|Any CPU.ActiveCfg = Debug|Any CPU
		{FA8ED77A-7AE7-42DB-862F-7DC1AFFCFAF8}.Debug|Any CPU.Build.0 = Debug|Any CPU
		{FA8ED77A-7AE7-42DB-862F-7DC1AFFCFAF8}.Release|Any CPU.ActiveCfg = Release|Any CPU
		{FA8ED77A-7AE7-42DB-862F-7DC1AFFCFAF8}.Release|Any CPU.Build.0 = Release|Any CPU
		{A44814E6-C586-A2F9-9446-356F95A421F8}.Debug|Any CPU.ActiveCfg = Debug|Any CPU
		{A44814E6-C586-A2F9-9446-356F95A421F8}.Debug|Any CPU.Build.0 = Debug|Any CPU
		{A44814E6-C586-A2F9-9446-356F95A421F8}.Debug|Any CPU.Deploy.0 = Debug|Any CPU
		{A44814E6-C586-A2F9-9446-356F95A421F8}.Release|Any CPU.ActiveCfg = Release|Any CPU
		{A44814E6-C586-A2F9-9446-356F95A421F8}.Release|Any CPU.Build.0 = Release|Any CPU
		{A44814E6-C586-A2F9-9446-356F95A421F8}.Release|Any CPU.Deploy.0 = Release|Any CPU
		{B458A6F1-4AD8-46F0-BCB1-1C87C616FB15}.Debug|Any CPU.ActiveCfg = Debug|Any CPU
		{B458A6F1-4AD8-46F0-BCB1-1C87C616FB15}.Debug|Any CPU.Build.0 = Debug|Any CPU
		{B458A6F1-4AD8-46F0-BCB1-1C87C616FB15}.Release|Any CPU.ActiveCfg = Release|Any CPU
		{B458A6F1-4AD8-46F0-BCB1-1C87C616FB15}.Release|Any CPU.Build.0 = Release|Any CPU
	EndGlobalSection
	GlobalSection(SolutionProperties) = preSolution
		HideSolutionNode = FALSE
	EndGlobalSection
	GlobalSection(ExtensibilityGlobals) = postSolution
		SolutionGuid = {24C393C1-52E7-45E3-8798-C699A6CB896A}
	EndGlobalSection
EndGlobal
