Microsoft Visual Studio Solution File, Format Version 12.00
# Visual Studio Version 17
VisualStudioVersion = 17.5.2.0
MinimumVisualStudioVersion = 10.0.40219.1
Project("{FAE04EC0-301F-11D3-BF4B-00C04F79EFBC}") = "Gedcom", "Gedcom.csproj", "{30FB86D3-A9AD-4A59-1A8F-F17CA482C364}"
EndProject
Global
	GlobalSection(SolutionConfigurationPlatforms) = preSolution
		Debug|Any CPU = Debug|Any CPU
		Release|Any CPU = Release|Any CPU
	EndGlobalSection
	GlobalSection(ProjectConfigurationPlatforms) = postSolution
		{30FB86D3-A9AD-4A59-1A8F-F17CA482C364}.Debug|Any CPU.ActiveCfg = Debug|Any CPU
		{30FB86D3-A9AD-4A59-1A8F-F17CA482C364}.Debug|Any CPU.Build.0 = Debug|Any CPU
		{30FB86D3-A9AD-4A59-1A8F-F17CA482C364}.Release|Any CPU.ActiveCfg = Release|Any CPU
		{30FB86D3-A9AD-4A59-1A8F-F17CA482C364}.Release|Any CPU.Build.0 = Release|Any CPU
	EndGlobalSection
	GlobalSection(SolutionProperties) = preSolution
		HideSolutionNode = FALSE
	EndGlobalSection
	GlobalSection(ExtensibilityGlobals) = postSolution
		SolutionGuid = {C749529C-F046-4A6C-AF10-14BE4C52AD8F}
	EndGlobalSection
EndGlobal
